
Microsoft Visual Studio Solution File, Format Version 12.00
# Visual Studio Version 16
VisualStudioVersion = 16.0.31911.196
MinimumVisualStudioVersion = 10.0.40219.1
Project("{FAE04EC0-301F-11D3-BF4B-00C04F79EFBC}") = "MinefieldV2", "MinefieldV2.csproj", "{2066257E-B062-4EF4-9096-7152F350F3DE}"
EndProject
Global
	GlobalSection(SolutionConfigurationPlatforms) = preSolution
		Debug|Any CPU = Debug|Any CPU
		Release|Any CPU = Release|Any CPU
	EndGlobalSection
	GlobalSection(ProjectConfigurationPlatforms) = postSolution
		{2066257E-B062-4EF4-9096-7152F350F3DE}.Debug|Any CPU.ActiveCfg = Debug|Any CPU
		{2066257E-B062-4EF4-9096-7152F350F3DE}.Debug|Any CPU.Build.0 = Debug|Any CPU
		{2066257E-B062-4EF4-9096-7152F350F3DE}.Release|Any CPU.ActiveCfg = Release|Any CPU
		{2066257E-B062-4EF4-9096-7152F350F3DE}.Release|Any CPU.Build.0 = Release|Any CPU
	EndGlobalSection
	GlobalSection(SolutionProperties) = preSolution
		HideSolutionNode = FALSE
	EndGlobalSection
	GlobalSection(ExtensibilityGlobals) = postSolution
		SolutionGuid = {CDD030FD-5AF3-4ACB-AB4A-886447E75A0C}
	EndGlobalSection
EndGlobal
